
Microsoft Visual Studio Solution File, Format Version 12.00
# Visual Studio Version 16
VisualStudioVersion = 16.0.29411.108
MinimumVisualStudioVersion = 10.0.40219.1
Project("{FAE04EC0-301F-11D3-BF4B-00C04F79EFBC}") = "ExchangePowershellDemo", "ExchangePowershellDemo\ExchangePowershellDemo.csproj", "{C6FE1DCC-9C04-4292-A8FC-053E524CB5C6}"
EndProject
Global
	GlobalSection(SolutionConfigurationPlatforms) = preSolution
		Debug|Any CPU = Debug|Any CPU
		Release|Any CPU = Release|Any CPU
	EndGlobalSection
	GlobalSection(ProjectConfigurationPlatforms) = postSolution
		{C6FE1DCC-9C04-4292-A8FC-053E524CB5C6}.Debug|Any CPU.ActiveCfg = Debug|Any CPU
		{C6FE1DCC-9C04-4292-A8FC-053E524CB5C6}.Debug|Any CPU.Build.0 = Debug|Any CPU
		{C6FE1DCC-9C04-4292-A8FC-053E524CB5C6}.Release|Any CPU.ActiveCfg = Release|Any CPU
		{C6FE1DCC-9C04-4292-A8FC-053E524CB5C6}.Release|Any CPU.Build.0 = Release|Any CPU
	EndGlobalSection
	GlobalSection(SolutionProperties) = preSolution
		HideSolutionNode = FALSE
	EndGlobalSection
	GlobalSection(ExtensibilityGlobals) = postSolution
		SolutionGuid = {35E3416E-EA3D-456D-8675-FBFE0A2A7CBE}
	EndGlobalSection
EndGlobal
